// !$*UTF8*$!
{
	archiveVersion = 1;
	classes = {
	};
	objectVersion = 56;
	objects = {

/* Begin PBXBuildFile section */
		3EE4E5092B8C466600CE59F7 /* CookPadApp.swift in Sources */ = {isa = PBXBuildFile; fileRef = 3EE4E5082B8C466600CE59F7 /* CookPadApp.swift */; };
		3EE4E50B2B8C466600CE59F7 /* ContentView.swift in Sources */ = {isa = PBXBuildFile; fileRef = 3EE4E50A2B8C466600CE59F7 /* ContentView.swift */; };
		3EE4E50D2B8C466900CE59F7 /* Assets.xcassets in Resources */ = {isa = PBXBuildFile; fileRef = 3EE4E50C2B8C466900CE59F7 /* Assets.xcassets */; };
		3EE4E5102B8C466900CE59F7 /* Preview Assets.xcassets in Resources */ = {isa = PBXBuildFile; fileRef = 3EE4E50F2B8C466900CE59F7 /* Preview Assets.xcassets */; };
		3EE4E51A2B8C466A00CE59F7 /* CookPadTests.swift in Sources */ = {isa = PBXBuildFile; fileRef = 3EE4E5192B8C466A00CE59F7 /* CookPadTests.swift */; };
		3EE4E5242B8C466A00CE59F7 /* CookPadUITests.swift in Sources */ = {isa = PBXBuildFile; fileRef = 3EE4E5232B8C466A00CE59F7 /* CookPadUITests.swift */; };
		3EE4E5262B8C466A00CE59F7 /* CookPadUITestsLaunchTests.swift in Sources */ = {isa = PBXBuildFile; fileRef = 3EE4E5252B8C466A00CE59F7 /* CookPadUITestsLaunchTests.swift */; };
		3EE4E53B2B8C491700CE59F7 /* AvocadosView.swift in Sources */ = {isa = PBXBuildFile; fileRef = 3EE4E53A2B8C491700CE59F7 /* AvocadosView.swift */; };
		3EE4E53D2B8C493D00CE59F7 /* RipeningStagesView.swift in Sources */ = {isa = PBXBuildFile; fileRef = 3EE4E53C2B8C493D00CE59F7 /* RipeningStagesView.swift */; };
		3EE4E53F2B8C494D00CE59F7 /* SettingsView.swift in Sources */ = {isa = PBXBuildFile; fileRef = 3EE4E53E2B8C494D00CE59F7 /* SettingsView.swift */; };
		3EE4E5412B8C496900CE59F7 /* AppView.swift in Sources */ = {isa = PBXBuildFile; fileRef = 3EE4E5402B8C496900CE59F7 /* AppView.swift */; };
		3EE4E5462B8C5C7600CE59F7 /* HeaderView.swift in Sources */ = {isa = PBXBuildFile; fileRef = 3EE4E5452B8C5C7600CE59F7 /* HeaderView.swift */; };
		3EE4E5482B8C635F00CE59F7 /* HeaderModel.swift in Sources */ = {isa = PBXBuildFile; fileRef = 3EE4E5472B8C635F00CE59F7 /* HeaderModel.swift */; };
		3EE4E54A2B8C63AD00CE59F7 /* HeaderData.swift in Sources */ = {isa = PBXBuildFile; fileRef = 3EE4E5492B8C63AD00CE59F7 /* HeaderData.swift */; };
		3EE4E54C2B8C669600CE59F7 /* DishesView.swift in Sources */ = {isa = PBXBuildFile; fileRef = 3EE4E54B2B8C669600CE59F7 /* DishesView.swift */; };
		3EE4E54E2B8C737700CE59F7 /* FactsView.swift in Sources */ = {isa = PBXBuildFile; fileRef = 3EE4E54D2B8C737700CE59F7 /* FactsView.swift */; };
		3EE4E5522B8C73AF00CE59F7 /* FactData.swift in Sources */ = {isa = PBXBuildFile; fileRef = 3EE4E54F2B8C73AF00CE59F7 /* FactData.swift */; };
		3EE4E5532B8C73AF00CE59F7 /* RecipeData.swift in Sources */ = {isa = PBXBuildFile; fileRef = 3EE4E5502B8C73AF00CE59F7 /* RecipeData.swift */; };
		3EE4E5542B8C73AF00CE59F7 /* RipeningData.swift in Sources */ = {isa = PBXBuildFile; fileRef = 3EE4E5512B8C73AF00CE59F7 /* RipeningData.swift */; };
		3EE4E5562B8C73CA00CE59F7 /* FactModel.swift in Sources */ = {isa = PBXBuildFile; fileRef = 3EE4E5552B8C73CA00CE59F7 /* FactModel.swift */; };
		3EE4E5582B8C796100CE59F7 /* RecipeModel.swift in Sources */ = {isa = PBXBuildFile; fileRef = 3EE4E5572B8C796100CE59F7 /* RecipeModel.swift */; };
		3EE4E55A2B8C859100CE59F7 /* RecipeCardView.swift in Sources */ = {isa = PBXBuildFile; fileRef = 3EE4E5592B8C859100CE59F7 /* RecipeCardView.swift */; };
		3EE4E55C2B8C8B2700CE59F7 /* RecipeRatingView.swift in Sources */ = {isa = PBXBuildFile; fileRef = 3EE4E55B2B8C8B2700CE59F7 /* RecipeRatingView.swift */; };
		3EE4E55E2B8C8C0D00CE59F7 /* RecipeCookingView.swift in Sources */ = {isa = PBXBuildFile; fileRef = 3EE4E55D2B8C8C0D00CE59F7 /* RecipeCookingView.swift */; };
		3EE4E5602B8C8C7E00CE59F7 /* RecipeDetailsView.swift in Sources */ = {isa = PBXBuildFile; fileRef = 3EE4E55F2B8C8C7E00CE59F7 /* RecipeDetailsView.swift */; };
		3EE4E5622B8CAB7200CE59F7 /* RipeningView.swift in Sources */ = {isa = PBXBuildFile; fileRef = 3EE4E5612B8CAB7200CE59F7 /* RipeningView.swift */; };
		3EE4E5642B8CB54200CE59F7 /* RipeningModel.swift in Sources */ = {isa = PBXBuildFile; fileRef = 3EE4E5632B8CB54200CE59F7 /* RipeningModel.swift */; };
/* End PBXBuildFile section */

/* Begin PBXContainerItemProxy section */
		3EE4E5162B8C466A00CE59F7 /* PBXContainerItemProxy */ = {
			isa = PBXContainerItemProxy;
			containerPortal = 3EE4E4FD2B8C466600CE59F7 /* Project object */;
			proxyType = 1;
			remoteGlobalIDString = 3EE4E5042B8C466600CE59F7;
			remoteInfo = CookPad;
		};
		3EE4E5202B8C466A00CE59F7 /* PBXContainerItemProxy */ = {
			isa = PBXContainerItemProxy;
			containerPortal = 3EE4E4FD2B8C466600CE59F7 /* Project object */;
			proxyType = 1;
			remoteGlobalIDString = 3EE4E5042B8C466600CE59F7;
			remoteInfo = CookPad;
		};
/* End PBXContainerItemProxy section */

/* Begin PBXFileReference section */
		3EE4E5052B8C466600CE59F7 /* CookPad.app */ = {isa = PBXFileReference; explicitFileType = wrapper.application; includeInIndex = 0; path = CookPad.app; sourceTree = BUILT_PRODUCTS_DIR; };
		3EE4E5082B8C466600CE59F7 /* CookPadApp.swift */ = {isa = PBXFileReference; lastKnownFileType = sourcecode.swift; path = CookPadApp.swift; sourceTree = "<group>"; };
		3EE4E50A2B8C466600CE59F7 /* ContentView.swift */ = {isa = PBXFileReference; lastKnownFileType = sourcecode.swift; path = ContentView.swift; sourceTree = "<group>"; };
		3EE4E50C2B8C466900CE59F7 /* Assets.xcassets */ = {isa = PBXFileReference; lastKnownFileType = folder.assetcatalog; path = Assets.xcassets; sourceTree = "<group>"; };
		3EE4E50F2B8C466900CE59F7 /* Preview Assets.xcassets */ = {isa = PBXFileReference; lastKnownFileType = folder.assetcatalog; path = "Preview Assets.xcassets"; sourceTree = "<group>"; };
		3EE4E5152B8C466A00CE59F7 /* CookPadTests.xctest */ = {isa = PBXFileReference; explicitFileType = wrapper.cfbundle; includeInIndex = 0; path = CookPadTests.xctest; sourceTree = BUILT_PRODUCTS_DIR; };
		3EE4E5192B8C466A00CE59F7 /* CookPadTests.swift */ = {isa = PBXFileReference; lastKnownFileType = sourcecode.swift; path = CookPadTests.swift; sourceTree = "<group>"; };
		3EE4E51F2B8C466A00CE59F7 /* CookPadUITests.xctest */ = {isa = PBXFileReference; explicitFileType = wrapper.cfbundle; includeInIndex = 0; path = CookPadUITests.xctest; sourceTree = BUILT_PRODUCTS_DIR; };
		3EE4E5232B8C466A00CE59F7 /* CookPadUITests.swift */ = {isa = PBXFileReference; lastKnownFileType = sourcecode.swift; path = CookPadUITests.swift; sourceTree = "<group>"; };
		3EE4E5252B8C466A00CE59F7 /* CookPadUITestsLaunchTests.swift */ = {isa = PBXFileReference; lastKnownFileType = sourcecode.swift; path = CookPadUITestsLaunchTests.swift; sourceTree = "<group>"; };
		3EE4E53A2B8C491700CE59F7 /* AvocadosView.swift */ = {isa = PBXFileReference; lastKnownFileType = sourcecode.swift; path = AvocadosView.swift; sourceTree = "<group>"; };
		3EE4E53C2B8C493D00CE59F7 /* RipeningStagesView.swift */ = {isa = PBXFileReference; lastKnownFileType = sourcecode.swift; path = RipeningStagesView.swift; sourceTree = "<group>"; };
		3EE4E53E2B8C494D00CE59F7 /* SettingsView.swift */ = {isa = PBXFileReference; lastKnownFileType = sourcecode.swift; path = SettingsView.swift; sourceTree = "<group>"; };
		3EE4E5402B8C496900CE59F7 /* AppView.swift */ = {isa = PBXFileReference; lastKnownFileType = sourcecode.swift; path = AppView.swift; sourceTree = "<group>"; };
		3EE4E5422B8C4A8600CE59F7 /* Info.plist */ = {isa = PBXFileReference; lastKnownFileType = text.plist; path = Info.plist; sourceTree = "<group>"; };
		3EE4E5452B8C5C7600CE59F7 /* HeaderView.swift */ = {isa = PBXFileReference; lastKnownFileType = sourcecode.swift; path = HeaderView.swift; sourceTree = "<group>"; };
		3EE4E5472B8C635F00CE59F7 /* HeaderModel.swift */ = {isa = PBXFileReference; lastKnownFileType = sourcecode.swift; path = HeaderModel.swift; sourceTree = "<group>"; };
		3EE4E5492B8C63AD00CE59F7 /* HeaderData.swift */ = {isa = PBXFileReference; lastKnownFileType = sourcecode.swift; path = HeaderData.swift; sourceTree = "<group>"; };
		3EE4E54B2B8C669600CE59F7 /* DishesView.swift */ = {isa = PBXFileReference; lastKnownFileType = sourcecode.swift; path = DishesView.swift; sourceTree = "<group>"; };
		3EE4E54D2B8C737700CE59F7 /* FactsView.swift */ = {isa = PBXFileReference; lastKnownFileType = sourcecode.swift; path = FactsView.swift; sourceTree = "<group>"; };
		3EE4E54F2B8C73AF00CE59F7 /* FactData.swift */ = {isa = PBXFileReference; fileEncoding = 4; lastKnownFileType = sourcecode.swift; path = FactData.swift; sourceTree = "<group>"; };
		3EE4E5502B8C73AF00CE59F7 /* RecipeData.swift */ = {isa = PBXFileReference; fileEncoding = 4; lastKnownFileType = sourcecode.swift; path = RecipeData.swift; sourceTree = "<group>"; };
		3EE4E5512B8C73AF00CE59F7 /* RipeningData.swift */ = {isa = PBXFileReference; fileEncoding = 4; lastKnownFileType = sourcecode.swift; path = RipeningData.swift; sourceTree = "<group>"; };
		3EE4E5552B8C73CA00CE59F7 /* FactModel.swift */ = {isa = PBXFileReference; lastKnownFileType = sourcecode.swift; path = FactModel.swift; sourceTree = "<group>"; };
		3EE4E5572B8C796100CE59F7 /* RecipeModel.swift */ = {isa = PBXFileReference; lastKnownFileType = sourcecode.swift; path = RecipeModel.swift; sourceTree = "<group>"; };
		3EE4E5592B8C859100CE59F7 /* RecipeCardView.swift */ = {isa = PBXFileReference; lastKnownFileType = sourcecode.swift; path = RecipeCardView.swift; sourceTree = "<group>"; };
		3EE4E55B2B8C8B2700CE59F7 /* RecipeRatingView.swift */ = {isa = PBXFileReference; lastKnownFileType = sourcecode.swift; path = RecipeRatingView.swift; sourceTree = "<group>"; };
		3EE4E55D2B8C8C0D00CE59F7 /* RecipeCookingView.swift */ = {isa = PBXFileReference; lastKnownFileType = sourcecode.swift; path = RecipeCookingView.swift; sourceTree = "<group>"; };
		3EE4E55F2B8C8C7E00CE59F7 /* RecipeDetailsView.swift */ = {isa = PBXFileReference; lastKnownFileType = sourcecode.swift; path = RecipeDetailsView.swift; sourceTree = "<group>"; };
		3EE4E5612B8CAB7200CE59F7 /* RipeningView.swift */ = {isa = PBXFileReference; lastKnownFileType = sourcecode.swift; path = RipeningView.swift; sourceTree = "<group>"; };
		3EE4E5632B8CB54200CE59F7 /* RipeningModel.swift */ = {isa = PBXFileReference; lastKnownFileType = sourcecode.swift; path = RipeningModel.swift; sourceTree = "<group>"; };
/* End PBXFileReference section */

/* Begin PBXFrameworksBuildPhase section */
		3EE4E5022B8C466600CE59F7 /* Frameworks */ = {
			isa = PBXFrameworksBuildPhase;
			buildActionMask = 2147483647;
			files = (
			);
			runOnlyForDeploymentPostprocessing = 0;
		};
		3EE4E5122B8C466A00CE59F7 /* Frameworks */ = {
			isa = PBXFrameworksBuildPhase;
			buildActionMask = 2147483647;
			files = (
			);
			runOnlyForDeploymentPostprocessing = 0;
		};
		3EE4E51C2B8C466A00CE59F7 /* Frameworks */ = {
			isa = PBXFrameworksBuildPhase;
			buildActionMask = 2147483647;
			files = (
			);
			runOnlyForDeploymentPostprocessing = 0;
		};
/* End PBXFrameworksBuildPhase section */

/* Begin PBXGroup section */
		3EE4E4FC2B8C466600CE59F7 = {
			isa = PBXGroup;
			children = (
				3EE4E5072B8C466600CE59F7 /* CookPad */,
				3EE4E5182B8C466A00CE59F7 /* CookPadTests */,
				3EE4E5222B8C466A00CE59F7 /* CookPadUITests */,
				3EE4E5062B8C466600CE59F7 /* Products */,
			);
			sourceTree = "<group>";
		};
		3EE4E5062B8C466600CE59F7 /* Products */ = {
			isa = PBXGroup;
			children = (
				3EE4E5052B8C466600CE59F7 /* CookPad.app */,
				3EE4E5152B8C466A00CE59F7 /* CookPadTests.xctest */,
				3EE4E51F2B8C466A00CE59F7 /* CookPadUITests.xctest */,
			);
			name = Products;
			sourceTree = "<group>";
		};
		3EE4E5072B8C466600CE59F7 /* CookPad */ = {
			isa = PBXGroup;
			children = (
				3EE4E5422B8C4A8600CE59F7 /* Info.plist */,
				3EE4E5372B8C47CA00CE59F7 /* Utility */,
				3EE4E5362B8C47C400CE59F7 /* Data */,
				3EE4E5352B8C479600CE59F7 /* Extensions */,
				3EE4E5342B8C479100CE59F7 /* App */,
				3EE4E5332B8C478B00CE59F7 /* Model */,
				3EE4E5322B8C478400CE59F7 /* View */,
				3EE4E50C2B8C466900CE59F7 /* Assets.xcassets */,
				3EE4E50E2B8C466900CE59F7 /* Preview Content */,
			);
			path = CookPad;
			sourceTree = "<group>";
		};
		3EE4E50E2B8C466900CE59F7 /* Preview Content */ = {
			isa = PBXGroup;
			children = (
				3EE4E50F2B8C466900CE59F7 /* Preview Assets.xcassets */,
			);
			path = "Preview Content";
			sourceTree = "<group>";
		};
		3EE4E5182B8C466A00CE59F7 /* CookPadTests */ = {
			isa = PBXGroup;
			children = (
				3EE4E5192B8C466A00CE59F7 /* CookPadTests.swift */,
			);
			path = CookPadTests;
			sourceTree = "<group>";
		};
		3EE4E5222B8C466A00CE59F7 /* CookPadUITests */ = {
			isa = PBXGroup;
			children = (
				3EE4E5232B8C466A00CE59F7 /* CookPadUITests.swift */,
				3EE4E5252B8C466A00CE59F7 /* CookPadUITestsLaunchTests.swift */,
			);
			path = CookPadUITests;
			sourceTree = "<group>";
		};
		3EE4E5322B8C478400CE59F7 /* View */ = {
			isa = PBXGroup;
			children = (
				3EE4E5082B8C466600CE59F7 /* CookPadApp.swift */,
				3EE4E53A2B8C491700CE59F7 /* AvocadosView.swift */,
				3EE4E53C2B8C493D00CE59F7 /* RipeningStagesView.swift */,
				3EE4E50A2B8C466600CE59F7 /* ContentView.swift */,
				3EE4E53E2B8C494D00CE59F7 /* SettingsView.swift */,
				3EE4E5402B8C496900CE59F7 /* AppView.swift */,
				3EE4E5452B8C5C7600CE59F7 /* HeaderView.swift */,
				3EE4E54B2B8C669600CE59F7 /* DishesView.swift */,
				3EE4E54D2B8C737700CE59F7 /* FactsView.swift */,
				3EE4E5592B8C859100CE59F7 /* RecipeCardView.swift */,
				3EE4E55B2B8C8B2700CE59F7 /* RecipeRatingView.swift */,
				3EE4E55D2B8C8C0D00CE59F7 /* RecipeCookingView.swift */,
				3EE4E55F2B8C8C7E00CE59F7 /* RecipeDetailsView.swift */,
				3EE4E5612B8CAB7200CE59F7 /* RipeningView.swift */,
			);
			path = View;
			sourceTree = "<group>";
		};
		3EE4E5332B8C478B00CE59F7 /* Model */ = {
			isa = PBXGroup;
			children = (
				3EE4E5472B8C635F00CE59F7 /* HeaderModel.swift */,
				3EE4E5552B8C73CA00CE59F7 /* FactModel.swift */,
				3EE4E5572B8C796100CE59F7 /* RecipeModel.swift */,
				3EE4E5632B8CB54200CE59F7 /* RipeningModel.swift */,
			);
			path = Model;
			sourceTree = "<group>";
		};
		3EE4E5342B8C479100CE59F7 /* App */ = {
			isa = PBXGroup;
			children = (
			);
			path = App;
			sourceTree = "<group>";
		};
		3EE4E5352B8C479600CE59F7 /* Extensions */ = {
			isa = PBXGroup;
			children = (
			);
			path = Extensions;
			sourceTree = "<group>";
		};
		3EE4E5362B8C47C400CE59F7 /* Data */ = {
			isa = PBXGroup;
			children = (
				3EE4E54F2B8C73AF00CE59F7 /* FactData.swift */,
				3EE4E5502B8C73AF00CE59F7 /* RecipeData.swift */,
				3EE4E5512B8C73AF00CE59F7 /* RipeningData.swift */,
				3EE4E5492B8C63AD00CE59F7 /* HeaderData.swift */,
			);
			path = Data;
			sourceTree = "<group>";
		};
		3EE4E5372B8C47CA00CE59F7 /* Utility */ = {
			isa = PBXGroup;
			children = (
			);
			path = Utility;
			sourceTree = "<group>";
		};
/* End PBXGroup section */

/* Begin PBXNativeTarget section */
		3EE4E5042B8C466600CE59F7 /* CookPad */ = {
			isa = PBXNativeTarget;
			buildConfigurationList = 3EE4E5292B8C466A00CE59F7 /* Build configuration list for PBXNativeTarget "CookPad" */;
			buildPhases = (
				3EE4E5012B8C466600CE59F7 /* Sources */,
				3EE4E5022B8C466600CE59F7 /* Frameworks */,
				3EE4E5032B8C466600CE59F7 /* Resources */,
			);
			buildRules = (
			);
			dependencies = (
			);
			name = CookPad;
			productName = CookPad;
			productReference = 3EE4E5052B8C466600CE59F7 /* CookPad.app */;
			productType = "com.apple.product-type.application";
		};
		3EE4E5142B8C466A00CE59F7 /* CookPadTests */ = {
			isa = PBXNativeTarget;
			buildConfigurationList = 3EE4E52C2B8C466A00CE59F7 /* Build configuration list for PBXNativeTarget "CookPadTests" */;
			buildPhases = (
				3EE4E5112B8C466A00CE59F7 /* Sources */,
				3EE4E5122B8C466A00CE59F7 /* Frameworks */,
				3EE4E5132B8C466A00CE59F7 /* Resources */,
			);
			buildRules = (
			);
			dependencies = (
				3EE4E5172B8C466A00CE59F7 /* PBXTargetDependency */,
			);
			name = CookPadTests;
			productName = CookPadTests;
			productReference = 3EE4E5152B8C466A00CE59F7 /* CookPadTests.xctest */;
			productType = "com.apple.product-type.bundle.unit-test";
		};
		3EE4E51E2B8C466A00CE59F7 /* CookPadUITests */ = {
			isa = PBXNativeTarget;
			buildConfigurationList = 3EE4E52F2B8C466A00CE59F7 /* Build configuration list for PBXNativeTarget "CookPadUITests" */;
			buildPhases = (
				3EE4E51B2B8C466A00CE59F7 /* Sources */,
				3EE4E51C2B8C466A00CE59F7 /* Frameworks */,
				3EE4E51D2B8C466A00CE59F7 /* Resources */,
			);
			buildRules = (
			);
			dependencies = (
				3EE4E5212B8C466A00CE59F7 /* PBXTargetDependency */,
			);
			name = CookPadUITests;
			productName = CookPadUITests;
			productReference = 3EE4E51F2B8C466A00CE59F7 /* CookPadUITests.xctest */;
			productType = "com.apple.product-type.bundle.ui-testing";
		};
/* End PBXNativeTarget section */

/* Begin PBXProject section */
		3EE4E4FD2B8C466600CE59F7 /* Project object */ = {
			isa = PBXProject;
			attributes = {
				BuildIndependentTargetsInParallel = 1;
				LastSwiftUpdateCheck = 1500;
				LastUpgradeCheck = 1500;
				TargetAttributes = {
					3EE4E5042B8C466600CE59F7 = {
						CreatedOnToolsVersion = 15.0;
					};
					3EE4E5142B8C466A00CE59F7 = {
						CreatedOnToolsVersion = 15.0;
						TestTargetID = 3EE4E5042B8C466600CE59F7;
					};
					3EE4E51E2B8C466A00CE59F7 = {
						CreatedOnToolsVersion = 15.0;
						TestTargetID = 3EE4E5042B8C466600CE59F7;
					};
				};
			};
			buildConfigurationList = 3EE4E5002B8C466600CE59F7 /* Build configuration list for PBXProject "CookPad" */;
			compatibilityVersion = "Xcode 14.0";
			developmentRegion = en;
			hasScannedForEncodings = 0;
			knownRegions = (
				en,
				Base,
			);
			mainGroup = 3EE4E4FC2B8C466600CE59F7;
			productRefGroup = 3EE4E5062B8C466600CE59F7 /* Products */;
			projectDirPath = "";
			projectRoot = "";
			targets = (
				3EE4E5042B8C466600CE59F7 /* CookPad */,
				3EE4E5142B8C466A00CE59F7 /* CookPadTests */,
				3EE4E51E2B8C466A00CE59F7 /* CookPadUITests */,
			);
		};
/* End PBXProject section */

/* Begin PBXResourcesBuildPhase section */
		3EE4E5032B8C466600CE59F7 /* Resources */ = {
			isa = PBXResourcesBuildPhase;
			buildActionMask = 2147483647;
			files = (
				3EE4E5102B8C466900CE59F7 /* Preview Assets.xcassets in Resources */,
				3EE4E50D2B8C466900CE59F7 /* Assets.xcassets in Resources */,
			);
			runOnlyForDeploymentPostprocessing = 0;
		};
		3EE4E5132B8C466A00CE59F7 /* Resources */ = {
			isa = PBXResourcesBuildPhase;
			buildActionMask = 2147483647;
			files = (
			);
			runOnlyForDeploymentPostprocessing = 0;
		};
		3EE4E51D2B8C466A00CE59F7 /* Resources */ = {
			isa = PBXResourcesBuildPhase;
			buildActionMask = 2147483647;
			files = (
			);
			runOnlyForDeploymentPostprocessing = 0;
		};
/* End PBXResourcesBuildPhase section */

/* Begin PBXSourcesBuildPhase section */
		3EE4E5012B8C466600CE59F7 /* Sources */ = {
			isa = PBXSourcesBuildPhase;
			buildActionMask = 2147483647;
			files = (
				3EE4E53B2B8C491700CE59F7 /* AvocadosView.swift in Sources */,
				3EE4E53D2B8C493D00CE59F7 /* RipeningStagesView.swift in Sources */,
				3EE4E5412B8C496900CE59F7 /* AppView.swift in Sources */,
				3EE4E5562B8C73CA00CE59F7 /* FactModel.swift in Sources */,
				3EE4E55E2B8C8C0D00CE59F7 /* RecipeCookingView.swift in Sources */,
				3EE4E5532B8C73AF00CE59F7 /* RecipeData.swift in Sources */,
				3EE4E5582B8C796100CE59F7 /* RecipeModel.swift in Sources */,
				3EE4E5602B8C8C7E00CE59F7 /* RecipeDetailsView.swift in Sources */,
				3EE4E53F2B8C494D00CE59F7 /* SettingsView.swift in Sources */,
				3EE4E55C2B8C8B2700CE59F7 /* RecipeRatingView.swift in Sources */,
				3EE4E50B2B8C466600CE59F7 /* ContentView.swift in Sources */,
				3EE4E5522B8C73AF00CE59F7 /* FactData.swift in Sources */,
				3EE4E55A2B8C859100CE59F7 /* RecipeCardView.swift in Sources */,
				3EE4E5092B8C466600CE59F7 /* CookPadApp.swift in Sources */,
				3EE4E5482B8C635F00CE59F7 /* HeaderModel.swift in Sources */,
				3EE4E5542B8C73AF00CE59F7 /* RipeningData.swift in Sources */,
				3EE4E5622B8CAB7200CE59F7 /* RipeningView.swift in Sources */,
				3EE4E5642B8CB54200CE59F7 /* RipeningModel.swift in Sources */,
				3EE4E54A2B8C63AD00CE59F7 /* HeaderData.swift in Sources */,
				3EE4E54C2B8C669600CE59F7 /* DishesView.swift in Sources */,
				3EE4E54E2B8C737700CE59F7 /* FactsView.swift in Sources */,
				3EE4E5462B8C5C7600CE59F7 /* HeaderView.swift in Sources */,
			);
			runOnlyForDeploymentPostprocessing = 0;
		};
		3EE4E5112B8C466A00CE59F7 /* Sources */ = {
			isa = PBXSourcesBuildPhase;
			buildActionMask = 2147483647;
			files = (
				3EE4E51A2B8C466A00CE59F7 /* CookPadTests.swift in Sources */,
			);
			runOnlyForDeploymentPostprocessing = 0;
		};
		3EE4E51B2B8C466A00CE59F7 /* Sources */ = {
			isa = PBXSourcesBuildPhase;
			buildActionMask = 2147483647;
			files = (
				3EE4E5262B8C466A00CE59F7 /* CookPadUITestsLaunchTests.swift in Sources */,
				3EE4E5242B8C466A00CE59F7 /* CookPadUITests.swift in Sources */,
			);
			runOnlyForDeploymentPostprocessing = 0;
		};
/* End PBXSourcesBuildPhase section */

/* Begin PBXTargetDependency section */
		3EE4E5172B8C466A00CE59F7 /* PBXTargetDependency */ = {
			isa = PBXTargetDependency;
			target = 3EE4E5042B8C466600CE59F7 /* CookPad */;
			targetProxy = 3EE4E5162B8C466A00CE59F7 /* PBXContainerItemProxy */;
		};
		3EE4E5212B8C466A00CE59F7 /* PBXTargetDependency */ = {
			isa = PBXTargetDependency;
			target = 3EE4E5042B8C466600CE59F7 /* CookPad */;
			targetProxy = 3EE4E5202B8C466A00CE59F7 /* PBXContainerItemProxy */;
		};
/* End PBXTargetDependency section */

/* Begin XCBuildConfiguration section */
		3EE4E5272B8C466A00CE59F7 /* Debug */ = {
			isa = XCBuildConfiguration;
			buildSettings = {
				ALWAYS_SEARCH_USER_PATHS = NO;
				ASSETCATALOG_COMPILER_GENERATE_SWIFT_ASSET_SYMBOL_EXTENSIONS = YES;
				CLANG_ANALYZER_NONNULL = YES;
				CLANG_ANALYZER_NUMBER_OBJECT_CONVERSION = YES_AGGRESSIVE;
				CLANG_CXX_LANGUAGE_STANDARD = "gnu++20";
				CLANG_ENABLE_MODULES = YES;
				CLANG_ENABLE_OBJC_ARC = YES;
				CLANG_ENABLE_OBJC_WEAK = YES;
				CLANG_WARN_BLOCK_CAPTURE_AUTORELEASING = YES;
				CLANG_WARN_BOOL_CONVERSION = YES;
				CLANG_WARN_COMMA = YES;
				CLANG_WARN_CONSTANT_CONVERSION = YES;
				CLANG_WARN_DEPRECATED_OBJC_IMPLEMENTATIONS = YES;
				CLANG_WARN_DIRECT_OBJC_ISA_USAGE = YES_ERROR;
				CLANG_WARN_DOCUMENTATION_COMMENTS = YES;
				CLANG_WARN_EMPTY_BODY = YES;
				CLANG_WARN_ENUM_CONVERSION = YES;
				CLANG_WARN_INFINITE_RECURSION = YES;
				CLANG_WARN_INT_CONVERSION = YES;
				CLANG_WARN_NON_LITERAL_NULL_CONVERSION = YES;
				CLANG_WARN_OBJC_IMPLICIT_RETAIN_SELF = YES;
				CLANG_WARN_OBJC_LITERAL_CONVERSION = YES;
				CLANG_WARN_OBJC_ROOT_CLASS = YES_ERROR;
				CLANG_WARN_QUOTED_INCLUDE_IN_FRAMEWORK_HEADER = YES;
				CLANG_WARN_RANGE_LOOP_ANALYSIS = YES;
				CLANG_WARN_STRICT_PROTOTYPES = YES;
				CLANG_WARN_SUSPICIOUS_MOVE = YES;
				CLANG_WARN_UNGUARDED_AVAILABILITY = YES_AGGRESSIVE;
				CLANG_WARN_UNREACHABLE_CODE = YES;
				CLANG_WARN__DUPLICATE_METHOD_MATCH = YES;
				COPY_PHASE_STRIP = NO;
				DEBUG_INFORMATION_FORMAT = dwarf;
				ENABLE_STRICT_OBJC_MSGSEND = YES;
				ENABLE_TESTABILITY = YES;
				ENABLE_USER_SCRIPT_SANDBOXING = YES;
				GCC_C_LANGUAGE_STANDARD = gnu17;
				GCC_DYNAMIC_NO_PIC = NO;
				GCC_NO_COMMON_BLOCKS = YES;
				GCC_OPTIMIZATION_LEVEL = 0;
				GCC_PREPROCESSOR_DEFINITIONS = (
					"DEBUG=1",
					"$(inherited)",
				);
				GCC_WARN_64_TO_32_BIT_CONVERSION = YES;
				GCC_WARN_ABOUT_RETURN_TYPE = YES_ERROR;
				GCC_WARN_UNDECLARED_SELECTOR = YES;
				GCC_WARN_UNINITIALIZED_AUTOS = YES_AGGRESSIVE;
				GCC_WARN_UNUSED_FUNCTION = YES;
				GCC_WARN_UNUSED_VARIABLE = YES;
				IPHONEOS_DEPLOYMENT_TARGET = 17.0;
				LOCALIZATION_PREFERS_STRING_CATALOGS = YES;
				MTL_ENABLE_DEBUG_INFO = INCLUDE_SOURCE;
				MTL_FAST_MATH = YES;
				ONLY_ACTIVE_ARCH = YES;
				SDKROOT = iphoneos;
				SWIFT_ACTIVE_COMPILATION_CONDITIONS = "DEBUG $(inherited)";
				SWIFT_OPTIMIZATION_LEVEL = "-Onone";
			};
			name = Debug;
		};
		3EE4E5282B8C466A00CE59F7 /* Release */ = {
			isa = XCBuildConfiguration;
			buildSettings = {
				ALWAYS_SEARCH_USER_PATHS = NO;
				ASSETCATALOG_COMPILER_GENERATE_SWIFT_ASSET_SYMBOL_EXTENSIONS = YES;
				CLANG_ANALYZER_NONNULL = YES;
				CLANG_ANALYZER_NUMBER_OBJECT_CONVERSION = YES_AGGRESSIVE;
				CLANG_CXX_LANGUAGE_STANDARD = "gnu++20";
				CLANG_ENABLE_MODULES = YES;
				CLANG_ENABLE_OBJC_ARC = YES;
				CLANG_ENABLE_OBJC_WEAK = YES;
				CLANG_WARN_BLOCK_CAPTURE_AUTORELEASING = YES;
				CLANG_WARN_BOOL_CONVERSION = YES;
				CLANG_WARN_COMMA = YES;
				CLANG_WARN_CONSTANT_CONVERSION = YES;
				CLANG_WARN_DEPRECATED_OBJC_IMPLEMENTATIONS = YES;
				CLANG_WARN_DIRECT_OBJC_ISA_USAGE = YES_ERROR;
				CLANG_WARN_DOCUMENTATION_COMMENTS = YES;
				CLANG_WARN_EMPTY_BODY = YES;
				CLANG_WARN_ENUM_CONVERSION = YES;
				CLANG_WARN_INFINITE_RECURSION = YES;
				CLANG_WARN_INT_CONVERSION = YES;
				CLANG_WARN_NON_LITERAL_NULL_CONVERSION = YES;
				CLANG_WARN_OBJC_IMPLICIT_RETAIN_SELF = YES;
				CLANG_WARN_OBJC_LITERAL_CONVERSION = YES;
				CLANG_WARN_OBJC_ROOT_CLASS = YES_ERROR;
				CLANG_WARN_QUOTED_INCLUDE_IN_FRAMEWORK_HEADER = YES;
				CLANG_WARN_RANGE_LOOP_ANALYSIS = YES;
				CLANG_WARN_STRICT_PROTOTYPES = YES;
				CLANG_WARN_SUSPICIOUS_MOVE = YES;
				CLANG_WARN_UNGUARDED_AVAILABILITY = YES_AGGRESSIVE;
				CLANG_WARN_UNREACHABLE_CODE = YES;
				CLANG_WARN__DUPLICATE_METHOD_MATCH = YES;
				COPY_PHASE_STRIP = NO;
				DEBUG_INFORMATION_FORMAT = "dwarf-with-dsym";
				ENABLE_NS_ASSERTIONS = NO;
				ENABLE_STRICT_OBJC_MSGSEND = YES;
				ENABLE_USER_SCRIPT_SANDBOXING = YES;
				GCC_C_LANGUAGE_STANDARD = gnu17;
				GCC_NO_COMMON_BLOCKS = YES;
				GCC_WARN_64_TO_32_BIT_CONVERSION = YES;
				GCC_WARN_ABOUT_RETURN_TYPE = YES_ERROR;
				GCC_WARN_UNDECLARED_SELECTOR = YES;
				GCC_WARN_UNINITIALIZED_AUTOS = YES_AGGRESSIVE;
				GCC_WARN_UNUSED_FUNCTION = YES;
				GCC_WARN_UNUSED_VARIABLE = YES;
				IPHONEOS_DEPLOYMENT_TARGET = 17.0;
				LOCALIZATION_PREFERS_STRING_CATALOGS = YES;
				MTL_ENABLE_DEBUG_INFO = NO;
				MTL_FAST_MATH = YES;
				SDKROOT = iphoneos;
				SWIFT_COMPILATION_MODE = wholemodule;
				VALIDATE_PRODUCT = YES;
			};
			name = Release;
		};
		3EE4E52A2B8C466A00CE59F7 /* Debug */ = {
			isa = XCBuildConfiguration;
			buildSettings = {
				ASSETCATALOG_COMPILER_APPICON_NAME = AppIcon;
				ASSETCATALOG_COMPILER_GLOBAL_ACCENT_COLOR_NAME = AccentColor;
				CODE_SIGN_STYLE = Automatic;
				CURRENT_PROJECT_VERSION = 1;
				DEVELOPMENT_ASSET_PATHS = "\"CookPad/Preview Content\"";
				DEVELOPMENT_TEAM = 2GCMC8WV23;
				ENABLE_PREVIEWS = YES;
				GENERATE_INFOPLIST_FILE = YES;
				INFOPLIST_FILE = CookPad/Info.plist;
				INFOPLIST_KEY_UIApplicationSceneManifest_Generation = YES;
				INFOPLIST_KEY_UIApplicationSupportsIndirectInputEvents = YES;
				INFOPLIST_KEY_UILaunchStoryboardName = "Launch Screen";
				INFOPLIST_KEY_UISupportedInterfaceOrientations_iPad = "UIInterfaceOrientationPortrait UIInterfaceOrientationPortraitUpsideDown UIInterfaceOrientationLandscapeLeft UIInterfaceOrientationLandscapeRight";
				INFOPLIST_KEY_UISupportedInterfaceOrientations_iPhone = "UIInterfaceOrientationPortrait UIInterfaceOrientationLandscapeLeft UIInterfaceOrientationLandscapeRight";
				LD_RUNPATH_SEARCH_PATHS = (
					"$(inherited)",
					"@executable_path/Frameworks",
				);
				MARKETING_VERSION = 1.0;
				PRODUCT_BUNDLE_IDENTIFIER = githubActions.com.CookPad;
				PRODUCT_NAME = "$(TARGET_NAME)";
				SWIFT_EMIT_LOC_STRINGS = YES;
				SWIFT_VERSION = 5.0;
				TARGETED_DEVICE_FAMILY = "1,2";
			};
			name = Debug;
		};
		3EE4E52B2B8C466A00CE59F7 /* Release */ = {
			isa = XCBuildConfiguration;
			buildSettings = {
				ASSETCATALOG_COMPILER_APPICON_NAME = AppIcon;
				ASSETCATALOG_COMPILER_GLOBAL_ACCENT_COLOR_NAME = AccentColor;
				CODE_SIGN_STYLE = Automatic;
				CURRENT_PROJECT_VERSION = 1;
				DEVELOPMENT_ASSET_PATHS = "\"CookPad/Preview Content\"";
				DEVELOPMENT_TEAM = 2GCMC8WV23;
				ENABLE_PREVIEWS = YES;
				GENERATE_INFOPLIST_FILE = YES;
				INFOPLIST_FILE = CookPad/Info.plist;
				INFOPLIST_KEY_UIApplicationSceneManifest_Generation = YES;
				INFOPLIST_KEY_UIApplicationSupportsIndirectInputEvents = YES;
				INFOPLIST_KEY_UILaunchStoryboardName = "Launch Screen";
				INFOPLIST_KEY_UISupportedInterfaceOrientations_iPad = "UIInterfaceOrientationPortrait UIInterfaceOrientationPortraitUpsideDown UIInterfaceOrientationLandscapeLeft UIInterfaceOrientationLandscapeRight";
				INFOPLIST_KEY_UISupportedInterfaceOrientations_iPhone = "UIInterfaceOrientationPortrait UIInterfaceOrientationLandscapeLeft UIInterfaceOrientationLandscapeRight";
				LD_RUNPATH_SEARCH_PATHS = (
					"$(inherited)",
					"@executable_path/Frameworks",
				);
				MARKETING_VERSION = 1.0;
				PRODUCT_BUNDLE_IDENTIFIER = githubActions.com.CookPad;
				PRODUCT_NAME = "$(TARGET_NAME)";
				SWIFT_EMIT_LOC_STRINGS = YES;
				SWIFT_VERSION = 5.0;
				TARGETED_DEVICE_FAMILY = "1,2";
			};
			name = Release;
		};
		3EE4E52D2B8C466A00CE59F7 /* Debug */ = {
			isa = XCBuildConfiguration;
			buildSettings = {
				ALWAYS_EMBED_SWIFT_STANDARD_LIBRARIES = YES;
				BUNDLE_LOADER = "$(TEST_HOST)";
				CODE_SIGN_STYLE = Automatic;
				CURRENT_PROJECT_VERSION = 1;
				DEVELOPMENT_TEAM = 2GCMC8WV23;
				GENERATE_INFOPLIST_FILE = YES;
				IPHONEOS_DEPLOYMENT_TARGET = 17.0;
				MARKETING_VERSION = 1.0;
				PRODUCT_BUNDLE_IDENTIFIER = githubActions.com.CookPadTests;
				PRODUCT_NAME = "$(TARGET_NAME)";
				SWIFT_EMIT_LOC_STRINGS = NO;
				SWIFT_VERSION = 5.0;
				TARGETED_DEVICE_FAMILY = "1,2";
				TEST_HOST = "$(BUILT_PRODUCTS_DIR)/CookPad.app/$(BUNDLE_EXECUTABLE_FOLDER_PATH)/CookPad";
			};
			name = Debug;
		};
		3EE4E52E2B8C466A00CE59F7 /* Release */ = {
			isa = XCBuildConfiguration;
			buildSettings = {
				ALWAYS_EMBED_SWIFT_STANDARD_LIBRARIES = YES;
				BUNDLE_LOADER = "$(TEST_HOST)";
				CODE_SIGN_STYLE = Automatic;
				CURRENT_PROJECT_VERSION = 1;
				DEVELOPMENT_TEAM = 2GCMC8WV23;
				GENERATE_INFOPLIST_FILE = YES;
				IPHONEOS_DEPLOYMENT_TARGET = 17.0;
				MARKETING_VERSION = 1.0;
				PRODUCT_BUNDLE_IDENTIFIER = githubActions.com.CookPadTests;
				PRODUCT_NAME = "$(TARGET_NAME)";
				SWIFT_EMIT_LOC_STRINGS = NO;
				SWIFT_VERSION = 5.0;
				TARGETED_DEVICE_FAMILY = "1,2";
				TEST_HOST = "$(BUILT_PRODUCTS_DIR)/CookPad.app/$(BUNDLE_EXECUTABLE_FOLDER_PATH)/CookPad";
			};
			name = Release;
		};
		3EE4E5302B8C466A00CE59F7 /* Debug */ = {
			isa = XCBuildConfiguration;
			buildSettings = {
				ALWAYS_EMBED_SWIFT_STANDARD_LIBRARIES = YES;
				CODE_SIGN_STYLE = Automatic;
				CURRENT_PROJECT_VERSION = 1;
				DEVELOPMENT_TEAM = 2GCMC8WV23;
				GENERATE_INFOPLIST_FILE = YES;
				MARKETING_VERSION = 1.0;
				PRODUCT_BUNDLE_IDENTIFIER = githubActions.com.CookPadUITests;
				PRODUCT_NAME = "$(TARGET_NAME)";
				SWIFT_EMIT_LOC_STRINGS = NO;
				SWIFT_VERSION = 5.0;
				TARGETED_DEVICE_FAMILY = "1,2";
				TEST_TARGET_NAME = CookPad;
			};
			name = Debug;
		};
		3EE4E5312B8C466A00CE59F7 /* Release */ = {
			isa = XCBuildConfiguration;
			buildSettings = {
				ALWAYS_EMBED_SWIFT_STANDARD_LIBRARIES = YES;
				CODE_SIGN_STYLE = Automatic;
				CURRENT_PROJECT_VERSION = 1;
				DEVELOPMENT_TEAM = 2GCMC8WV23;
				GENERATE_INFOPLIST_FILE = YES;
				MARKETING_VERSION = 1.0;
				PRODUCT_BUNDLE_IDENTIFIER = githubActions.com.CookPadUITests;
				PRODUCT_NAME = "$(TARGET_NAME)";
				SWIFT_EMIT_LOC_STRINGS = NO;
				SWIFT_VERSION = 5.0;
				TARGETED_DEVICE_FAMILY = "1,2";
				TEST_TARGET_NAME = CookPad;
			};
			name = Release;
		};
/* End XCBuildConfiguration section */

/* Begin XCConfigurationList section */
		3EE4E5002B8C466600CE59F7 /* Build configuration list for PBXProject "CookPad" */ = {
			isa = XCConfigurationList;
			buildConfigurations = (
				3EE4E5272B8C466A00CE59F7 /* Debug */,
				3EE4E5282B8C466A00CE59F7 /* Release */,
			);
			defaultConfigurationIsVisible = 0;
			defaultConfigurationName = Release;
		};
		3EE4E5292B8C466A00CE59F7 /* Build configuration list for PBXNativeTarget "CookPad" */ = {
			isa = XCConfigurationList;
			buildConfigurations = (
				3EE4E52A2B8C466A00CE59F7 /* Debug */,
				3EE4E52B2B8C466A00CE59F7 /* Release */,
			);
			defaultConfigurationIsVisible = 0;
			defaultConfigurationName = Release;
		};
		3EE4E52C2B8C466A00CE59F7 /* Build configuration list for PBXNativeTarget "CookPadTests" */ = {
			isa = XCConfigurationList;
			buildConfigurations = (
				3EE4E52D2B8C466A00CE59F7 /* Debug */,
				3EE4E52E2B8C466A00CE59F7 /* Release */,
			);
			defaultConfigurationIsVisible = 0;
			defaultConfigurationName = Release;
		};
		3EE4E52F2B8C466A00CE59F7 /* Build configuration list for PBXNativeTarget "CookPadUITests" */ = {
			isa = XCConfigurationList;
			buildConfigurations = (
				3EE4E5302B8C466A00CE59F7 /* Debug */,
				3EE4E5312B8C466A00CE59F7 /* Release */,
			);
			defaultConfigurationIsVisible = 0;
			defaultConfigurationName = Release;
		};
/* End XCConfigurationList section */
	};
	rootObject = 3EE4E4FD2B8C466600CE59F7 /* Project object */;
}
